
Microsoft Visual Studio Solution File, Format Version 12.00
# Visual Studio Version 16
VisualStudioVersion = 16.0.30611.23
MinimumVisualStudioVersion = 10.0.40219.1
Project("{FAE04EC0-301F-11D3-BF4B-00C04F79EFBC}") = "FizzBuzz", "FizzBuzz\FizzBuzz.csproj", "{0981ACD8-395E-4CB6-833A-876B4C16D0CC}"
EndProject
Global
	GlobalSection(SolutionConfigurationPlatforms) = preSolution
		Debug|Any CPU = Debug|Any CPU
		Release|Any CPU = Release|Any CPU
	EndGlobalSection
	GlobalSection(ProjectConfigurationPlatforms) = postSolution
		{0981ACD8-395E-4CB6-833A-876B4C16D0CC}.Debug|Any CPU.ActiveCfg = Debug|Any CPU
		{0981ACD8-395E-4CB6-833A-876B4C16D0CC}.Debug|Any CPU.Build.0 = Debug|Any CPU
		{0981ACD8-395E-4CB6-833A-876B4C16D0CC}.Release|Any CPU.ActiveCfg = Release|Any CPU
		{0981ACD8-395E-4CB6-833A-876B4C16D0CC}.Release|Any CPU.Build.0 = Release|Any CPU
	EndGlobalSection
	GlobalSection(SolutionProperties) = preSolution
		HideSolutionNode = FALSE
	EndGlobalSection
	GlobalSection(ExtensibilityGlobals) = postSolution
		SolutionGuid = {ED2077F1-82E8-4AA2-9F32-83EA11BEE1AF}
	EndGlobalSection
EndGlobal
